// !$*UTF8*$!
{
	archiveVersion = 1;
	classes = {
	};
	objectVersion = 50;
	objects = {

/* Begin PBXBuildFile section */
		365A90BD248C0E7B0010FA91 /* ClockView.swift in Sources */ = {isa = PBXBuildFile; fileRef = 365A90BC248C0E7B0010FA91 /* ClockView.swift */; };
		365A90BF248D821F0010FA91 /* SegmentView.swift in Sources */ = {isa = PBXBuildFile; fileRef = 365A90BE248D821F0010FA91 /* SegmentView.swift */; };
		36C05FEE248ACF5800FDA164 /* ButtonView.swift in Sources */ = {isa = PBXBuildFile; fileRef = 36C05FED248ACF5800FDA164 /* ButtonView.swift */; };
		36CA35D824898211004CE09A /* AppDelegate.swift in Sources */ = {isa = PBXBuildFile; fileRef = 36CA35D724898211004CE09A /* AppDelegate.swift */; };
		36CA35DA24898211004CE09A /* SceneDelegate.swift in Sources */ = {isa = PBXBuildFile; fileRef = 36CA35D924898211004CE09A /* SceneDelegate.swift */; };
		36CA35DF24898211004CE09A /* Main.storyboard in Resources */ = {isa = PBXBuildFile; fileRef = 36CA35DD24898211004CE09A /* Main.storyboard */; };
		36CA35E124898213004CE09A /* Assets.xcassets in Resources */ = {isa = PBXBuildFile; fileRef = 36CA35E024898213004CE09A /* Assets.xcassets */; };
		36CA35E424898213004CE09A /* LaunchScreen.storyboard in Resources */ = {isa = PBXBuildFile; fileRef = 36CA35E224898213004CE09A /* LaunchScreen.storyboard */; };
		36F5D2D4248F9950005E5D0A /* MainViewController.swift in Sources */ = {isa = PBXBuildFile; fileRef = 36F5D2D3248F9950005E5D0A /* MainViewController.swift */; };
		36F5D2FC24917A38005E5D0A /* UIColorToHex.swift in Sources */ = {isa = PBXBuildFile; fileRef = 36F5D2FB24917A38005E5D0A /* UIColorToHex.swift */; };
/* End PBXBuildFile section */

/* Begin PBXFileReference section */
		365A90BC248C0E7B0010FA91 /* ClockView.swift */ = {isa = PBXFileReference; lastKnownFileType = sourcecode.swift; path = ClockView.swift; sourceTree = "<group>"; };
		365A90BE248D821F0010FA91 /* SegmentView.swift */ = {isa = PBXFileReference; lastKnownFileType = sourcecode.swift; path = SegmentView.swift; sourceTree = "<group>"; };
		36C05FED248ACF5800FDA164 /* ButtonView.swift */ = {isa = PBXFileReference; lastKnownFileType = sourcecode.swift; path = ButtonView.swift; sourceTree = "<group>"; };
		36CA35D424898211004CE09A /* Skillbox 11.app */ = {isa = PBXFileReference; explicitFileType = wrapper.application; includeInIndex = 0; path = "Skillbox 11.app"; sourceTree = BUILT_PRODUCTS_DIR; };
		36CA35D724898211004CE09A /* AppDelegate.swift */ = {isa = PBXFileReference; lastKnownFileType = sourcecode.swift; path = AppDelegate.swift; sourceTree = "<group>"; };
		36CA35D924898211004CE09A /* SceneDelegate.swift */ = {isa = PBXFileReference; lastKnownFileType = sourcecode.swift; path = SceneDelegate.swift; sourceTree = "<group>"; };
		36CA35DE24898211004CE09A /* Base */ = {isa = PBXFileReference; lastKnownFileType = file.storyboard; name = Base; path = Base.lproj/Main.storyboard; sourceTree = "<group>"; };
		36CA35E024898213004CE09A /* Assets.xcassets */ = {isa = PBXFileReference; lastKnownFileType = folder.assetcatalog; path = Assets.xcassets; sourceTree = "<group>"; };
		36CA35E324898213004CE09A /* Base */ = {isa = PBXFileReference; lastKnownFileType = file.storyboard; name = Base; path = Base.lproj/LaunchScreen.storyboard; sourceTree = "<group>"; };
		36CA35E524898213004CE09A /* Info.plist */ = {isa = PBXFileReference; lastKnownFileType = text.plist.xml; path = Info.plist; sourceTree = "<group>"; };
		36F5D2D3248F9950005E5D0A /* MainViewController.swift */ = {isa = PBXFileReference; lastKnownFileType = sourcecode.swift; path = MainViewController.swift; sourceTree = "<group>"; };
		36F5D2FB24917A38005E5D0A /* UIColorToHex.swift */ = {isa = PBXFileReference; lastKnownFileType = sourcecode.swift; path = UIColorToHex.swift; sourceTree = "<group>"; };
/* End PBXFileReference section */

/* Begin PBXFrameworksBuildPhase section */
		36CA35D124898211004CE09A /* Frameworks */ = {
			isa = PBXFrameworksBuildPhase;
			buildActionMask = 2147483647;
			files = (
			);
			runOnlyForDeploymentPostprocessing = 0;
		};
/* End PBXFrameworksBuildPhase section */

/* Begin PBXGroup section */
		365A90C0248D8C840010FA91 /* Controller */ = {
			isa = PBXGroup;
			children = (
				36F5D2D3248F9950005E5D0A /* MainViewController.swift */,
			);
			path = Controller;
			sourceTree = "<group>";
		};
		36C05FEC248ACF3800FDA164 /* View */ = {
			isa = PBXGroup;
			children = (
				36C05FED248ACF5800FDA164 /* ButtonView.swift */,
				365A90BC248C0E7B0010FA91 /* ClockView.swift */,
				365A90BE248D821F0010FA91 /* SegmentView.swift */,
			);
			path = View;
			sourceTree = "<group>";
		};
		36CA35CB24898211004CE09A = {
			isa = PBXGroup;
			children = (
				36CA35D624898211004CE09A /* Skillbox 11 */,
				36CA35D524898211004CE09A /* Products */,
			);
			sourceTree = "<group>";
		};
		36CA35D524898211004CE09A /* Products */ = {
			isa = PBXGroup;
			children = (
				36CA35D424898211004CE09A /* Skillbox 11.app */,
			);
			name = Products;
			sourceTree = "<group>";
		};
		36CA35D624898211004CE09A /* Skillbox 11 */ = {
			isa = PBXGroup;
			children = (
				36C05FEC248ACF3800FDA164 /* View */,
				365A90C0248D8C840010FA91 /* Controller */,
				36CA35D724898211004CE09A /* AppDelegate.swift */,
				36CA35D924898211004CE09A /* SceneDelegate.swift */,
				36CA35DD24898211004CE09A /* Main.storyboard */,
				36CA35E024898213004CE09A /* Assets.xcassets */,
				36F5D2FB24917A38005E5D0A /* UIColorToHex.swift */,
				36CA35E224898213004CE09A /* LaunchScreen.storyboard */,
				36CA35E524898213004CE09A /* Info.plist */,
			);
			path = "Skillbox 11";
			sourceTree = "<group>";
		};
/* End PBXGroup section */

/* Begin PBXNativeTarget section */
		36CA35D324898211004CE09A /* Skillbox 11 */ = {
			isa = PBXNativeTarget;
			buildConfigurationList = 36CA35E824898213004CE09A /* Build configuration list for PBXNativeTarget "Skillbox 11" */;
			buildPhases = (
				36CA35D024898211004CE09A /* Sources */,
				36CA35D124898211004CE09A /* Frameworks */,
				36CA35D224898211004CE09A /* Resources */,
			);
			buildRules = (
			);
			dependencies = (
			);
			name = "Skillbox 11";
			productName = "Skillbox 11";
			productReference = 36CA35D424898211004CE09A /* Skillbox 11.app */;
			productType = "com.apple.product-type.application";
		};
/* End PBXNativeTarget section */

/* Begin PBXProject section */
		36CA35CC24898211004CE09A /* Project object */ = {
			isa = PBXProject;
			attributes = {
				LastSwiftUpdateCheck = 1150;
				LastUpgradeCheck = 1150;
				ORGANIZATIONNAME = "Антон Тимоненков";
				TargetAttributes = {
					36CA35D324898211004CE09A = {
						CreatedOnToolsVersion = 11.5;
					};
				};
			};
			buildConfigurationList = 36CA35CF24898211004CE09A /* Build configuration list for PBXProject "Skillbox 11" */;
			compatibilityVersion = "Xcode 9.3";
			developmentRegion = en;
			hasScannedForEncodings = 0;
			knownRegions = (
				en,
				Base,
			);
			mainGroup = 36CA35CB24898211004CE09A;
			productRefGroup = 36CA35D524898211004CE09A /* Products */;
			projectDirPath = "";
			projectRoot = "";
			targets = (
				36CA35D324898211004CE09A /* Skillbox 11 */,
			);
		};
/* End PBXProject section */

/* Begin PBXResourcesBuildPhase section */
		36CA35D224898211004CE09A /* Resources */ = {
			isa = PBXResourcesBuildPhase;
			buildActionMask = 2147483647;
			files = (
				36CA35E424898213004CE09A /* LaunchScreen.storyboard in Resources */,
				36CA35E124898213004CE09A /* Assets.xcassets in Resources */,
				36CA35DF24898211004CE09A /* Main.storyboard in Resources */,
			);
			runOnlyForDeploymentPostprocessing = 0;
		};
/* End PBXResourcesBuildPhase section */

/* Begin PBXSourcesBuildPhase section */
		36CA35D024898211004CE09A /* Sources */ = {
			isa = PBXSourcesBuildPhase;
			buildActionMask = 2147483647;
			files = (
				36F5D2D4248F9950005E5D0A /* MainViewController.swift in Sources */,
				36F5D2FC24917A38005E5D0A /* UIColorToHex.swift in Sources */,
				36C05FEE248ACF5800FDA164 /* ButtonView.swift in Sources */,
				365A90BD248C0E7B0010FA91 /* ClockView.swift in Sources */,
				36CA35D824898211004CE09A /* AppDelegate.swift in Sources */,
				365A90BF248D821F0010FA91 /* SegmentView.swift in Sources */,
				36CA35DA24898211004CE09A /* SceneDelegate.swift in Sources */,
			);
			runOnlyForDeploymentPostprocessing = 0;
		};
/* End PBXSourcesBuildPhase section */

/* Begin PBXVariantGroup section */
		36CA35DD24898211004CE09A /* Main.storyboard */ = {
			isa = PBXVariantGroup;
			children = (
				36CA35DE24898211004CE09A /* Base */,
			);
			name = Main.storyboard;
			sourceTree = "<group>";
		};
		36CA35E224898213004CE09A /* LaunchScreen.storyboard */ = {
			isa = PBXVariantGroup;
			children = (
				36CA35E324898213004CE09A /* Base */,
			);
			name = LaunchScreen.storyboard;
			sourceTree = "<group>";
		};
/* End PBXVariantGroup section */

/* Begin XCBuildConfiguration section */
		36CA35E624898213004CE09A /* Debug */ = {
			isa = XCBuildConfiguration;
			buildSettings = {
				ALWAYS_SEARCH_USER_PATHS = NO;
				CLANG_ANALYZER_NONNULL = YES;
				CLANG_ANALYZER_NUMBER_OBJECT_CONVERSION = YES_AGGRESSIVE;
				CLANG_CXX_LANGUAGE_STANDARD = "gnu++14";
				CLANG_CXX_LIBRARY = "libc++";
				CLANG_ENABLE_MODULES = YES;
				CLANG_ENABLE_OBJC_ARC = YES;
				CLANG_ENABLE_OBJC_WEAK = YES;
				CLANG_WARN_BLOCK_CAPTURE_AUTORELEASING = YES;
				CLANG_WARN_BOOL_CONVERSION = YES;
				CLANG_WARN_COMMA = YES;
				CLANG_WARN_CONSTANT_CONVERSION = YES;
				CLANG_WARN_DEPRECATED_OBJC_IMPLEMENTATIONS = YES;
				CLANG_WARN_DIRECT_OBJC_ISA_USAGE = YES_ERROR;
				CLANG_WARN_DOCUMENTATION_COMMENTS = YES;
				CLANG_WARN_EMPTY_BODY = YES;
				CLANG_WARN_ENUM_CONVERSION = YES;
				CLANG_WARN_INFINITE_RECURSION = YES;
				CLANG_WARN_INT_CONVERSION = YES;
				CLANG_WARN_NON_LITERAL_NULL_CONVERSION = YES;
				CLANG_WARN_OBJC_IMPLICIT_RETAIN_SELF = YES;
				CLANG_WARN_OBJC_LITERAL_CONVERSION = YES;
				CLANG_WARN_OBJC_ROOT_CLASS = YES_ERROR;
				CLANG_WARN_RANGE_LOOP_ANALYSIS = YES;
				CLANG_WARN_STRICT_PROTOTYPES = YES;
				CLANG_WARN_SUSPICIOUS_MOVE = YES;
				CLANG_WARN_UNGUARDED_AVAILABILITY = YES_AGGRESSIVE;
				CLANG_WARN_UNREACHABLE_CODE = YES;
				CLANG_WARN__DUPLICATE_METHOD_MATCH = YES;
				COPY_PHASE_STRIP = NO;
				DEBUG_INFORMATION_FORMAT = dwarf;
				ENABLE_STRICT_OBJC_MSGSEND = YES;
				ENABLE_TESTABILITY = YES;
				GCC_C_LANGUAGE_STANDARD = gnu11;
				GCC_DYNAMIC_NO_PIC = NO;
				GCC_NO_COMMON_BLOCKS = YES;
				GCC_OPTIMIZATION_LEVEL = 0;
				GCC_PREPROCESSOR_DEFINITIONS = (
					"DEBUG=1",
					"$(inherited)",
				);
				GCC_WARN_64_TO_32_BIT_CONVERSION = YES;
				GCC_WARN_ABOUT_RETURN_TYPE = YES_ERROR;
				GCC_WARN_UNDECLARED_SELECTOR = YES;
				GCC_WARN_UNINITIALIZED_AUTOS = YES_AGGRESSIVE;
				GCC_WARN_UNUSED_FUNCTION = YES;
				GCC_WARN_UNUSED_VARIABLE = YES;
				IPHONEOS_DEPLOYMENT_TARGET = 13.5;
				MTL_ENABLE_DEBUG_INFO = INCLUDE_SOURCE;
				MTL_FAST_MATH = YES;
				ONLY_ACTIVE_ARCH = YES;
				SDKROOT = iphoneos;
				SWIFT_ACTIVE_COMPILATION_CONDITIONS = DEBUG;
				SWIFT_OPTIMIZATION_LEVEL = "-Onone";
			};
			name = Debug;
		};
		36CA35E724898213004CE09A /* Release */ = {
			isa = XCBuildConfiguration;
			buildSettings = {
				ALWAYS_SEARCH_USER_PATHS = NO;
				CLANG_ANALYZER_NONNULL = YES;
				CLANG_ANALYZER_NUMBER_OBJECT_CONVERSION = YES_AGGRESSIVE;
				CLANG_CXX_LANGUAGE_STANDARD = "gnu++14";
				CLANG_CXX_LIBRARY = "libc++";
				CLANG_ENABLE_MODULES = YES;
				CLANG_ENABLE_OBJC_ARC = YES;
				CLANG_ENABLE_OBJC_WEAK = YES;
				CLANG_WARN_BLOCK_CAPTURE_AUTORELEASING = YES;
				CLANG_WARN_BOOL_CONVERSION = YES;
				CLANG_WARN_COMMA = YES;
				CLANG_WARN_CONSTANT_CONVERSION = YES;
				CLANG_WARN_DEPRECATED_OBJC_IMPLEMENTATIONS = YES;
				CLANG_WARN_DIRECT_OBJC_ISA_USAGE = YES_ERROR;
				CLANG_WARN_DOCUMENTATION_COMMENTS = YES;
				CLANG_WARN_EMPTY_BODY = YES;
				CLANG_WARN_ENUM_CONVERSION = YES;
				CLANG_WARN_INFINITE_RECURSION = YES;
				CLANG_WARN_INT_CONVERSION = YES;
				CLANG_WARN_NON_LITERAL_NULL_CONVERSION = YES;
				CLANG_WARN_OBJC_IMPLICIT_RETAIN_SELF = YES;
				CLANG_WARN_OBJC_LITERAL_CONVERSION = YES;
				CLANG_WARN_OBJC_ROOT_CLASS = YES_ERROR;
				CLANG_WARN_RANGE_LOOP_ANALYSIS = YES;
				CLANG_WARN_STRICT_PROTOTYPES = YES;
				CLANG_WARN_SUSPICIOUS_MOVE = YES;
				CLANG_WARN_UNGUARDED_AVAILABILITY = YES_AGGRESSIVE;
				CLANG_WARN_UNREACHABLE_CODE = YES;
				CLANG_WARN__DUPLICATE_METHOD_MATCH = YES;
				COPY_PHASE_STRIP = NO;
				DEBUG_INFORMATION_FORMAT = "dwarf-with-dsym";
				ENABLE_NS_ASSERTIONS = NO;
				ENABLE_STRICT_OBJC_MSGSEND = YES;
				GCC_C_LANGUAGE_STANDARD = gnu11;
				GCC_NO_COMMON_BLOCKS = YES;
				GCC_WARN_64_TO_32_BIT_CONVERSION = YES;
				GCC_WARN_ABOUT_RETURN_TYPE = YES_ERROR;
				GCC_WARN_UNDECLARED_SELECTOR = YES;
				GCC_WARN_UNINITIALIZED_AUTOS = YES_AGGRESSIVE;
				GCC_WARN_UNUSED_FUNCTION = YES;
				GCC_WARN_UNUSED_VARIABLE = YES;
				IPHONEOS_DEPLOYMENT_TARGET = 13.5;
				MTL_ENABLE_DEBUG_INFO = NO;
				MTL_FAST_MATH = YES;
				SDKROOT = iphoneos;
				SWIFT_COMPILATION_MODE = wholemodule;
				SWIFT_OPTIMIZATION_LEVEL = "-O";
				VALIDATE_PRODUCT = YES;
			};
			name = Release;
		};
		36CA35E924898213004CE09A /* Debug */ = {
			isa = XCBuildConfiguration;
			buildSettings = {
				ASSETCATALOG_COMPILER_APPICON_NAME = AppIcon;
				CODE_SIGN_STYLE = Automatic;
				DEVELOPMENT_TEAM = 5TW24T8NUM;
				INFOPLIST_FILE = "Skillbox 11/Info.plist";
				LD_RUNPATH_SEARCH_PATHS = (
					"$(inherited)",
					"@executable_path/Frameworks",
				);
				PRODUCT_BUNDLE_IDENTIFIER = "Lynxy.Skillbox-11";
				PRODUCT_NAME = "$(TARGET_NAME)";
				SWIFT_VERSION = 5.0;
				TARGETED_DEVICE_FAMILY = "1,2";
			};
			name = Debug;
		};
		36CA35EA24898213004CE09A /* Release */ = {
			isa = XCBuildConfiguration;
			buildSettings = {
				ASSETCATALOG_COMPILER_APPICON_NAME = AppIcon;
				CODE_SIGN_STYLE = Automatic;
				DEVELOPMENT_TEAM = 5TW24T8NUM;
				INFOPLIST_FILE = "Skillbox 11/Info.plist";
				LD_RUNPATH_SEARCH_PATHS = (
					"$(inherited)",
					"@executable_path/Frameworks",
				);
				PRODUCT_BUNDLE_IDENTIFIER = "Lynxy.Skillbox-11";
				PRODUCT_NAME = "$(TARGET_NAME)";
				SWIFT_VERSION = 5.0;
				TARGETED_DEVICE_FAMILY = "1,2";
			};
			name = Release;
		};
/* End XCBuildConfiguration section */

/* Begin XCConfigurationList section */
		36CA35CF24898211004CE09A /* Build configuration list for PBXProject "Skillbox 11" */ = {
			isa = XCConfigurationList;
			buildConfigurations = (
				36CA35E624898213004CE09A /* Debug */,
				36CA35E724898213004CE09A /* Release */,
			);
			defaultConfigurationIsVisible = 0;
			defaultConfigurationName = Release;
		};
		36CA35E824898213004CE09A /* Build configuration list for PBXNativeTarget "Skillbox 11" */ = {
			isa = XCConfigurationList;
			buildConfigurations = (
				36CA35E924898213004CE09A /* Debug */,
				36CA35EA24898213004CE09A /* Release */,
			);
			defaultConfigurationIsVisible = 0;
			defaultConfigurationName = Release;
		};
/* End XCConfigurationList section */
	};
	rootObject = 36CA35CC24898211004CE09A /* Project object */;
}
